
Microsoft Visual Studio Solution File, Format Version 11.00
# Visual Studio 2010
Project("{FAE04EC0-301F-11D3-BF4B-00C04F79EFBC}") = "ColorGlove", "ColorGlove\ColorGlove.csproj", "{96A4A593-732B-4340-98EC-0BD9B20AAA66}"
EndProject
Global
	GlobalSection(SolutionConfigurationPlatforms) = preSolution
		Debug|x86 = Debug|x86
		Release|x86 = Release|x86
	EndGlobalSection
	GlobalSection(ProjectConfigurationPlatforms) = postSolution
		{96A4A593-732B-4340-98EC-0BD9B20AAA66}.Debug|x86.ActiveCfg = Debug|x86
		{96A4A593-732B-4340-98EC-0BD9B20AAA66}.Debug|x86.Build.0 = Debug|x86
		{96A4A593-732B-4340-98EC-0BD9B20AAA66}.Release|x86.ActiveCfg = Release|x86
		{96A4A593-732B-4340-98EC-0BD9B20AAA66}.Release|x86.Build.0 = Release|x86
	EndGlobalSection
	GlobalSection(SolutionProperties) = preSolution
		HideSolutionNode = FALSE
	EndGlobalSection
EndGlobal
